// !$*UTF8*$!
{
	archiveVersion = 1;
	classes = {
	};
	objectVersion = 50;
	objects = {

/* Begin PBXBuildFile section */
		41252FA5238B48B908637DD6 /* Pods_CellDelDemo.framework in Frameworks */ = {isa = PBXBuildFile; fileRef = A7194138339F5B3A34EDB060 /* Pods_CellDelDemo.framework */; };
		920A69AC2428888D80FD9A52 /* Pods_CellDelDemoTests.framework in Frameworks */ = {isa = PBXBuildFile; fileRef = 678C2254D43CD45A54EBBBC0 /* Pods_CellDelDemoTests.framework */; };
		F90F3DDE24AB06860077D9A6 /* AppDelegate.m in Sources */ = {isa = PBXBuildFile; fileRef = F90F3DDD24AB06860077D9A6 /* AppDelegate.m */; };
		F90F3DE124AB06860077D9A6 /* SceneDelegate.m in Sources */ = {isa = PBXBuildFile; fileRef = F90F3DE024AB06860077D9A6 /* SceneDelegate.m */; };
		F90F3DE424AB06860077D9A6 /* ViewController.m in Sources */ = {isa = PBXBuildFile; fileRef = F90F3DE324AB06860077D9A6 /* ViewController.m */; };
		F90F3DE724AB06860077D9A6 /* Main.storyboard in Resources */ = {isa = PBXBuildFile; fileRef = F90F3DE524AB06860077D9A6 /* Main.storyboard */; };
		F90F3DE924AB068A0077D9A6 /* Assets.xcassets in Resources */ = {isa = PBXBuildFile; fileRef = F90F3DE824AB068A0077D9A6 /* Assets.xcassets */; };
		F90F3DEC24AB068A0077D9A6 /* LaunchScreen.storyboard in Resources */ = {isa = PBXBuildFile; fileRef = F90F3DEA24AB068A0077D9A6 /* LaunchScreen.storyboard */; };
		F90F3DEF24AB068A0077D9A6 /* main.m in Sources */ = {isa = PBXBuildFile; fileRef = F90F3DEE24AB068A0077D9A6 /* main.m */; };
		F90F3DF924AB068B0077D9A6 /* CellDelDemoTests.m in Sources */ = {isa = PBXBuildFile; fileRef = F90F3DF824AB068B0077D9A6 /* CellDelDemoTests.m */; };
/* End PBXBuildFile section */

/* Begin PBXContainerItemProxy section */
		F90F3DF524AB068B0077D9A6 /* PBXContainerItemProxy */ = {
			isa = PBXContainerItemProxy;
			containerPortal = F90F3DD124AB06860077D9A6 /* Project object */;
			proxyType = 1;
			remoteGlobalIDString = F90F3DD824AB06860077D9A6;
			remoteInfo = CellDelDemo;
		};
/* End PBXContainerItemProxy section */

/* Begin PBXFileReference section */
		178778065C585C9349755D18 /* Pods-CellDelDemo.release.xcconfig */ = {isa = PBXFileReference; includeInIndex = 1; lastKnownFileType = text.xcconfig; name = "Pods-CellDelDemo.release.xcconfig"; path = "Target Support Files/Pods-CellDelDemo/Pods-CellDelDemo.release.xcconfig"; sourceTree = "<group>"; };
		198D7B1A7B69558C8091D1CB /* Pods-CellDelDemoTests.release.xcconfig */ = {isa = PBXFileReference; includeInIndex = 1; lastKnownFileType = text.xcconfig; name = "Pods-CellDelDemoTests.release.xcconfig"; path = "Target Support Files/Pods-CellDelDemoTests/Pods-CellDelDemoTests.release.xcconfig"; sourceTree = "<group>"; };
		678C2254D43CD45A54EBBBC0 /* Pods_CellDelDemoTests.framework */ = {isa = PBXFileReference; explicitFileType = wrapper.framework; includeInIndex = 0; path = Pods_CellDelDemoTests.framework; sourceTree = BUILT_PRODUCTS_DIR; };
		A7194138339F5B3A34EDB060 /* Pods_CellDelDemo.framework */ = {isa = PBXFileReference; explicitFileType = wrapper.framework; includeInIndex = 0; path = Pods_CellDelDemo.framework; sourceTree = BUILT_PRODUCTS_DIR; };
		A83ACE82927881469D2330A9 /* Pods-CellDelDemo.debug.xcconfig */ = {isa = PBXFileReference; includeInIndex = 1; lastKnownFileType = text.xcconfig; name = "Pods-CellDelDemo.debug.xcconfig"; path = "Target Support Files/Pods-CellDelDemo/Pods-CellDelDemo.debug.xcconfig"; sourceTree = "<group>"; };
		A8EA213120511A05AB9E2808 /* Pods-CellDelDemoTests.debug.xcconfig */ = {isa = PBXFileReference; includeInIndex = 1; lastKnownFileType = text.xcconfig; name = "Pods-CellDelDemoTests.debug.xcconfig"; path = "Target Support Files/Pods-CellDelDemoTests/Pods-CellDelDemoTests.debug.xcconfig"; sourceTree = "<group>"; };
		F90F3DD924AB06860077D9A6 /* CellDelDemo.app */ = {isa = PBXFileReference; explicitFileType = wrapper.application; includeInIndex = 0; path = CellDelDemo.app; sourceTree = BUILT_PRODUCTS_DIR; };
		F90F3DDC24AB06860077D9A6 /* AppDelegate.h */ = {isa = PBXFileReference; lastKnownFileType = sourcecode.c.h; path = AppDelegate.h; sourceTree = "<group>"; };
		F90F3DDD24AB06860077D9A6 /* AppDelegate.m */ = {isa = PBXFileReference; lastKnownFileType = sourcecode.c.objc; path = AppDelegate.m; sourceTree = "<group>"; };
		F90F3DDF24AB06860077D9A6 /* SceneDelegate.h */ = {isa = PBXFileReference; lastKnownFileType = sourcecode.c.h; path = SceneDelegate.h; sourceTree = "<group>"; };
		F90F3DE024AB06860077D9A6 /* SceneDelegate.m */ = {isa = PBXFileReference; lastKnownFileType = sourcecode.c.objc; path = SceneDelegate.m; sourceTree = "<group>"; };
		F90F3DE224AB06860077D9A6 /* ViewController.h */ = {isa = PBXFileReference; lastKnownFileType = sourcecode.c.h; path = ViewController.h; sourceTree = "<group>"; };
		F90F3DE324AB06860077D9A6 /* ViewController.m */ = {isa = PBXFileReference; lastKnownFileType = sourcecode.c.objc; path = ViewController.m; sourceTree = "<group>"; };
		F90F3DE624AB06860077D9A6 /* Base */ = {isa = PBXFileReference; lastKnownFileType = file.storyboard; name = Base; path = Base.lproj/Main.storyboard; sourceTree = "<group>"; };
		F90F3DE824AB068A0077D9A6 /* Assets.xcassets */ = {isa = PBXFileReference; lastKnownFileType = folder.assetcatalog; path = Assets.xcassets; sourceTree = "<group>"; };
		F90F3DEB24AB068A0077D9A6 /* Base */ = {isa = PBXFileReference; lastKnownFileType = file.storyboard; name = Base; path = Base.lproj/LaunchScreen.storyboard; sourceTree = "<group>"; };
		F90F3DED24AB068A0077D9A6 /* Info.plist */ = {isa = PBXFileReference; lastKnownFileType = text.plist.xml; path = Info.plist; sourceTree = "<group>"; };
		F90F3DEE24AB068A0077D9A6 /* main.m */ = {isa = PBXFileReference; lastKnownFileType = sourcecode.c.objc; path = main.m; sourceTree = "<group>"; };
		F90F3DF424AB068B0077D9A6 /* CellDelDemoTests.xctest */ = {isa = PBXFileReference; explicitFileType = wrapper.cfbundle; includeInIndex = 0; path = CellDelDemoTests.xctest; sourceTree = BUILT_PRODUCTS_DIR; };
		F90F3DF824AB068B0077D9A6 /* CellDelDemoTests.m */ = {isa = PBXFileReference; lastKnownFileType = sourcecode.c.objc; path = CellDelDemoTests.m; sourceTree = "<group>"; };
		F90F3DFA24AB068B0077D9A6 /* Info.plist */ = {isa = PBXFileReference; lastKnownFileType = text.plist.xml; path = Info.plist; sourceTree = "<group>"; };
/* End PBXFileReference section */

/* Begin PBXFrameworksBuildPhase section */
		F90F3DD624AB06860077D9A6 /* Frameworks */ = {
			isa = PBXFrameworksBuildPhase;
			buildActionMask = 2147483647;
			files = (
				41252FA5238B48B908637DD6 /* Pods_CellDelDemo.framework in Frameworks */,
			);
			runOnlyForDeploymentPostprocessing = 0;
		};
		F90F3DF124AB068B0077D9A6 /* Frameworks */ = {
			isa = PBXFrameworksBuildPhase;
			buildActionMask = 2147483647;
			files = (
				920A69AC2428888D80FD9A52 /* Pods_CellDelDemoTests.framework in Frameworks */,
			);
			runOnlyForDeploymentPostprocessing = 0;
		};
/* End PBXFrameworksBuildPhase section */

/* Begin PBXGroup section */
		DC2AE4463B2F3163667D1990 /* Pods */ = {
			isa = PBXGroup;
			children = (
				A83ACE82927881469D2330A9 /* Pods-CellDelDemo.debug.xcconfig */,
				178778065C585C9349755D18 /* Pods-CellDelDemo.release.xcconfig */,
				A8EA213120511A05AB9E2808 /* Pods-CellDelDemoTests.debug.xcconfig */,
				198D7B1A7B69558C8091D1CB /* Pods-CellDelDemoTests.release.xcconfig */,
			);
			name = Pods;
			path = Pods;
			sourceTree = "<group>";
		};
		E0B2EACC1C3E077D0AE3CA38 /* Frameworks */ = {
			isa = PBXGroup;
			children = (
				A7194138339F5B3A34EDB060 /* Pods_CellDelDemo.framework */,
				678C2254D43CD45A54EBBBC0 /* Pods_CellDelDemoTests.framework */,
			);
			name = Frameworks;
			sourceTree = "<group>";
		};
		F90F3DD024AB06860077D9A6 = {
			isa = PBXGroup;
			children = (
				F90F3DDB24AB06860077D9A6 /* CellDelDemo */,
				F90F3DF724AB068B0077D9A6 /* CellDelDemoTests */,
				F90F3DDA24AB06860077D9A6 /* Products */,
				DC2AE4463B2F3163667D1990 /* Pods */,
				E0B2EACC1C3E077D0AE3CA38 /* Frameworks */,
			);
			sourceTree = "<group>";
		};
		F90F3DDA24AB06860077D9A6 /* Products */ = {
			isa = PBXGroup;
			children = (
				F90F3DD924AB06860077D9A6 /* CellDelDemo.app */,
				F90F3DF424AB068B0077D9A6 /* CellDelDemoTests.xctest */,
			);
			name = Products;
			sourceTree = "<group>";
		};
		F90F3DDB24AB06860077D9A6 /* CellDelDemo */ = {
			isa = PBXGroup;
			children = (
				F90F3DDC24AB06860077D9A6 /* AppDelegate.h */,
				F90F3DDD24AB06860077D9A6 /* AppDelegate.m */,
				F90F3DDF24AB06860077D9A6 /* SceneDelegate.h */,
				F90F3DE024AB06860077D9A6 /* SceneDelegate.m */,
				F90F3DE224AB06860077D9A6 /* ViewController.h */,
				F90F3DE324AB06860077D9A6 /* ViewController.m */,
				F90F3DE524AB06860077D9A6 /* Main.storyboard */,
				F90F3DE824AB068A0077D9A6 /* Assets.xcassets */,
				F90F3DEA24AB068A0077D9A6 /* LaunchScreen.storyboard */,
				F90F3DED24AB068A0077D9A6 /* Info.plist */,
				F90F3DEE24AB068A0077D9A6 /* main.m */,
			);
			path = CellDelDemo;
			sourceTree = "<group>";
		};
		F90F3DF724AB068B0077D9A6 /* CellDelDemoTests */ = {
			isa = PBXGroup;
			children = (
				F90F3DF824AB068B0077D9A6 /* CellDelDemoTests.m */,
				F90F3DFA24AB068B0077D9A6 /* Info.plist */,
			);
			path = CellDelDemoTests;
			sourceTree = "<group>";
		};
/* End PBXGroup section */

/* Begin PBXNativeTarget section */
		F90F3DD824AB06860077D9A6 /* CellDelDemo */ = {
			isa = PBXNativeTarget;
			buildConfigurationList = F90F3DFD24AB068B0077D9A6 /* Build configuration list for PBXNativeTarget "CellDelDemo" */;
			buildPhases = (
				B6D7EA67D17A2D9FDEEAE9C4 /* [CP] Check Pods Manifest.lock */,
				F90F3DD524AB06860077D9A6 /* Sources */,
				F90F3DD624AB06860077D9A6 /* Frameworks */,
				F90F3DD724AB06860077D9A6 /* Resources */,
				04650D3C255AC0C2BDB5E5E8 /* [CP] Embed Pods Frameworks */,
			);
			buildRules = (
			);
			dependencies = (
			);
			name = CellDelDemo;
			productName = CellDelDemo;
			productReference = F90F3DD924AB06860077D9A6 /* CellDelDemo.app */;
			productType = "com.apple.product-type.application";
		};
		F90F3DF324AB068B0077D9A6 /* CellDelDemoTests */ = {
			isa = PBXNativeTarget;
			buildConfigurationList = F90F3E0024AB068B0077D9A6 /* Build configuration list for PBXNativeTarget "CellDelDemoTests" */;
			buildPhases = (
				5665C0A038A4F94B63DFDD62 /* [CP] Check Pods Manifest.lock */,
				F90F3DF024AB068B0077D9A6 /* Sources */,
				F90F3DF124AB068B0077D9A6 /* Frameworks */,
				F90F3DF224AB068B0077D9A6 /* Resources */,
			);
			buildRules = (
			);
			dependencies = (
				F90F3DF624AB068B0077D9A6 /* PBXTargetDependency */,
			);
			name = CellDelDemoTests;
			productName = CellDelDemoTests;
			productReference = F90F3DF424AB068B0077D9A6 /* CellDelDemoTests.xctest */;
			productType = "com.apple.product-type.bundle.unit-test";
		};
/* End PBXNativeTarget section */

/* Begin PBXProject section */
		F90F3DD124AB06860077D9A6 /* Project object */ = {
			isa = PBXProject;
			attributes = {
				LastUpgradeCheck = 1150;
				ORGANIZATIONNAME = iTBoyer;
				TargetAttributes = {
					F90F3DD824AB06860077D9A6 = {
						CreatedOnToolsVersion = 11.5;
					};
					F90F3DF324AB068B0077D9A6 = {
						CreatedOnToolsVersion = 11.5;
						TestTargetID = F90F3DD824AB06860077D9A6;
					};
				};
			};
			buildConfigurationList = F90F3DD424AB06860077D9A6 /* Build configuration list for PBXProject "CellDelDemo" */;
			compatibilityVersion = "Xcode 9.3";
			developmentRegion = en;
			hasScannedForEncodings = 0;
			knownRegions = (
				en,
				Base,
			);
			mainGroup = F90F3DD024AB06860077D9A6;
			productRefGroup = F90F3DDA24AB06860077D9A6 /* Products */;
			projectDirPath = "";
			projectRoot = "";
			targets = (
				F90F3DD824AB06860077D9A6 /* CellDelDemo */,
				F90F3DF324AB068B0077D9A6 /* CellDelDemoTests */,
			);
		};
/* End PBXProject section */

/* Begin PBXResourcesBuildPhase section */
		F90F3DD724AB06860077D9A6 /* Resources */ = {
			isa = PBXResourcesBuildPhase;
			buildActionMask = 2147483647;
			files = (
				F90F3DEC24AB068A0077D9A6 /* LaunchScreen.storyboard in Resources */,
				F90F3DE924AB068A0077D9A6 /* Assets.xcassets in Resources */,
				F90F3DE724AB06860077D9A6 /* Main.storyboard in Resources */,
			);
			runOnlyForDeploymentPostprocessing = 0;
		};
		F90F3DF224AB068B0077D9A6 /* Resources */ = {
			isa = PBXResourcesBuildPhase;
			buildActionMask = 2147483647;
			files = (
			);
			runOnlyForDeploymentPostprocessing = 0;
		};
/* End PBXResourcesBuildPhase section */

/* Begin PBXShellScriptBuildPhase section */
		04650D3C255AC0C2BDB5E5E8 /* [CP] Embed Pods Frameworks */ = {
			isa = PBXShellScriptBuildPhase;
			buildActionMask = 2147483647;
			files = (
			);
			inputFileListPaths = (
				"${PODS_ROOT}/Target Support Files/Pods-CellDelDemo/Pods-CellDelDemo-frameworks-${CONFIGURATION}-input-files.xcfilelist",
			);
			name = "[CP] Embed Pods Frameworks";
			outputFileListPaths = (
				"${PODS_ROOT}/Target Support Files/Pods-CellDelDemo/Pods-CellDelDemo-frameworks-${CONFIGURATION}-output-files.xcfilelist",
			);
			runOnlyForDeploymentPostprocessing = 0;
			shellPath = /bin/sh;
			shellScript = "\"${PODS_ROOT}/Target Support Files/Pods-CellDelDemo/Pods-CellDelDemo-frameworks.sh\"\n";
			showEnvVarsInLog = 0;
		};
		5665C0A038A4F94B63DFDD62 /* [CP] Check Pods Manifest.lock */ = {
			isa = PBXShellScriptBuildPhase;
			buildActionMask = 2147483647;
			files = (
			);
			inputFileListPaths = (
			);
			inputPaths = (
				"${PODS_PODFILE_DIR_PATH}/Podfile.lock",
				"${PODS_ROOT}/Manifest.lock",
			);
			name = "[CP] Check Pods Manifest.lock";
			outputFileListPaths = (
			);
			outputPaths = (
				"$(DERIVED_FILE_DIR)/Pods-CellDelDemoTests-checkManifestLockResult.txt",
			);
			runOnlyForDeploymentPostprocessing = 0;
			shellPath = /bin/sh;
			shellScript = "diff \"${PODS_PODFILE_DIR_PATH}/Podfile.lock\" \"${PODS_ROOT}/Manifest.lock\" > /dev/null\nif [ $? != 0 ] ; then\n    # print error to STDERR\n    echo \"error: The sandbox is not in sync with the Podfile.lock. Run 'pod install' or update your CocoaPods installation.\" >&2\n    exit 1\nfi\n# This output is used by Xcode 'outputs' to avoid re-running this script phase.\necho \"SUCCESS\" > \"${SCRIPT_OUTPUT_FILE_0}\"\n";
			showEnvVarsInLog = 0;
		};
		B6D7EA67D17A2D9FDEEAE9C4 /* [CP] Check Pods Manifest.lock */ = {
			isa = PBXShellScriptBuildPhase;
			buildActionMask = 2147483647;
			files = (
			);
			inputFileListPaths = (
			);
			inputPaths = (
				"${PODS_PODFILE_DIR_PATH}/Podfile.lock",
				"${PODS_ROOT}/Manifest.lock",
			);
			name = "[CP] Check Pods Manifest.lock";
			outputFileListPaths = (
			);
			outputPaths = (
				"$(DERIVED_FILE_DIR)/Pods-CellDelDemo-checkManifestLockResult.txt",
			);
			runOnlyForDeploymentPostprocessing = 0;
			shellPath = /bin/sh;
			shellScript = "diff \"${PODS_PODFILE_DIR_PATH}/Podfile.lock\" \"${PODS_ROOT}/Manifest.lock\" > /dev/null\nif [ $? != 0 ] ; then\n    # print error to STDERR\n    echo \"error: The sandbox is not in sync with the Podfile.lock. Run 'pod install' or update your CocoaPods installation.\" >&2\n    exit 1\nfi\n# This output is used by Xcode 'outputs' to avoid re-running this script phase.\necho \"SUCCESS\" > \"${SCRIPT_OUTPUT_FILE_0}\"\n";
			showEnvVarsInLog = 0;
		};
/* End PBXShellScriptBuildPhase section */

/* Begin PBXSourcesBuildPhase section */
		F90F3DD524AB06860077D9A6 /* Sources */ = {
			isa = PBXSourcesBuildPhase;
			buildActionMask = 2147483647;
			files = (
				F90F3DE424AB06860077D9A6 /* ViewController.m in Sources */,
				F90F3DDE24AB06860077D9A6 /* AppDelegate.m in Sources */,
				F90F3DEF24AB068A0077D9A6 /* main.m in Sources */,
				F90F3DE124AB06860077D9A6 /* SceneDelegate.m in Sources */,
			);
			runOnlyForDeploymentPostprocessing = 0;
		};
		F90F3DF024AB068B0077D9A6 /* Sources */ = {
			isa = PBXSourcesBuildPhase;
			buildActionMask = 2147483647;
			files = (
				F90F3DF924AB068B0077D9A6 /* CellDelDemoTests.m in Sources */,
			);
			runOnlyForDeploymentPostprocessing = 0;
		};
/* End PBXSourcesBuildPhase section */

/* Begin PBXTargetDependency section */
		F90F3DF624AB068B0077D9A6 /* PBXTargetDependency */ = {
			isa = PBXTargetDependency;
			target = F90F3DD824AB06860077D9A6 /* CellDelDemo */;
			targetProxy = F90F3DF524AB068B0077D9A6 /* PBXContainerItemProxy */;
		};
/* End PBXTargetDependency section */

/* Begin PBXVariantGroup section */
		F90F3DE524AB06860077D9A6 /* Main.storyboard */ = {
			isa = PBXVariantGroup;
			children = (
				F90F3DE624AB06860077D9A6 /* Base */,
			);
			name = Main.storyboard;
			sourceTree = "<group>";
		};
		F90F3DEA24AB068A0077D9A6 /* LaunchScreen.storyboard */ = {
			isa = PBXVariantGroup;
			children = (
				F90F3DEB24AB068A0077D9A6 /* Base */,
			);
			name = LaunchScreen.storyboard;
			sourceTree = "<group>";
		};
/* End PBXVariantGroup section */

/* Begin XCBuildConfiguration section */
		F90F3DFB24AB068B0077D9A6 /* Debug */ = {
			isa = XCBuildConfiguration;
			buildSettings = {
				ALWAYS_SEARCH_USER_PATHS = NO;
				CLANG_ANALYZER_NONNULL = YES;
				CLANG_ANALYZER_NUMBER_OBJECT_CONVERSION = YES_AGGRESSIVE;
				CLANG_CXX_LANGUAGE_STANDARD = "gnu++14";
				CLANG_CXX_LIBRARY = "libc++";
				CLANG_ENABLE_MODULES = YES;
				CLANG_ENABLE_OBJC_ARC = YES;
				CLANG_ENABLE_OBJC_WEAK = YES;
				CLANG_WARN_BLOCK_CAPTURE_AUTORELEASING = YES;
				CLANG_WARN_BOOL_CONVERSION = YES;
				CLANG_WARN_COMMA = YES;
				CLANG_WARN_CONSTANT_CONVERSION = YES;
				CLANG_WARN_DEPRECATED_OBJC_IMPLEMENTATIONS = YES;
				CLANG_WARN_DIRECT_OBJC_ISA_USAGE = YES_ERROR;
				CLANG_WARN_DOCUMENTATION_COMMENTS = YES;
				CLANG_WARN_EMPTY_BODY = YES;
				CLANG_WARN_ENUM_CONVERSION = YES;
				CLANG_WARN_INFINITE_RECURSION = YES;
				CLANG_WARN_INT_CONVERSION = YES;
				CLANG_WARN_NON_LITERAL_NULL_CONVERSION = YES;
				CLANG_WARN_OBJC_IMPLICIT_RETAIN_SELF = YES;
				CLANG_WARN_OBJC_LITERAL_CONVERSION = YES;
				CLANG_WARN_OBJC_ROOT_CLASS = YES_ERROR;
				CLANG_WARN_RANGE_LOOP_ANALYSIS = YES;
				CLANG_WARN_STRICT_PROTOTYPES = YES;
				CLANG_WARN_SUSPICIOUS_MOVE = YES;
				CLANG_WARN_UNGUARDED_AVAILABILITY = YES_AGGRESSIVE;
				CLANG_WARN_UNREACHABLE_CODE = YES;
				CLANG_WARN__DUPLICATE_METHOD_MATCH = YES;
				COPY_PHASE_STRIP = NO;
				DEBUG_INFORMATION_FORMAT = dwarf;
				ENABLE_STRICT_OBJC_MSGSEND = YES;
				ENABLE_TESTABILITY = YES;
				GCC_C_LANGUAGE_STANDARD = gnu11;
				GCC_DYNAMIC_NO_PIC = NO;
				GCC_NO_COMMON_BLOCKS = YES;
				GCC_OPTIMIZATION_LEVEL = 0;
				GCC_PREPROCESSOR_DEFINITIONS = (
					"DEBUG=1",
					"$(inherited)",
				);
				GCC_WARN_64_TO_32_BIT_CONVERSION = YES;
				GCC_WARN_ABOUT_RETURN_TYPE = YES_ERROR;
				GCC_WARN_UNDECLARED_SELECTOR = YES;
				GCC_WARN_UNINITIALIZED_AUTOS = YES_AGGRESSIVE;
				GCC_WARN_UNUSED_FUNCTION = YES;
				GCC_WARN_UNUSED_VARIABLE = YES;
				IPHONEOS_DEPLOYMENT_TARGET = 13.5;
				MTL_ENABLE_DEBUG_INFO = INCLUDE_SOURCE;
				MTL_FAST_MATH = YES;
				ONLY_ACTIVE_ARCH = YES;
				SDKROOT = iphoneos;
			};
			name = Debug;
		};
		F90F3DFC24AB068B0077D9A6 /* Release */ = {
			isa = XCBuildConfiguration;
			buildSettings = {
				ALWAYS_SEARCH_USER_PATHS = NO;
				CLANG_ANALYZER_NONNULL = YES;
				CLANG_ANALYZER_NUMBER_OBJECT_CONVERSION = YES_AGGRESSIVE;
				CLANG_CXX_LANGUAGE_STANDARD = "gnu++14";
				CLANG_CXX_LIBRARY = "libc++";
				CLANG_ENABLE_MODULES = YES;
				CLANG_ENABLE_OBJC_ARC = YES;
				CLANG_ENABLE_OBJC_WEAK = YES;
				CLANG_WARN_BLOCK_CAPTURE_AUTORELEASING = YES;
				CLANG_WARN_BOOL_CONVERSION = YES;
				CLANG_WARN_COMMA = YES;
				CLANG_WARN_CONSTANT_CONVERSION = YES;
				CLANG_WARN_DEPRECATED_OBJC_IMPLEMENTATIONS = YES;
				CLANG_WARN_DIRECT_OBJC_ISA_USAGE = YES_ERROR;
				CLANG_WARN_DOCUMENTATION_COMMENTS = YES;
				CLANG_WARN_EMPTY_BODY = YES;
				CLANG_WARN_ENUM_CONVERSION = YES;
				CLANG_WARN_INFINITE_RECURSION = YES;
				CLANG_WARN_INT_CONVERSION = YES;
				CLANG_WARN_NON_LITERAL_NULL_CONVERSION = YES;
				CLANG_WARN_OBJC_IMPLICIT_RETAIN_SELF = YES;
				CLANG_WARN_OBJC_LITERAL_CONVERSION = YES;
				CLANG_WARN_OBJC_ROOT_CLASS = YES_ERROR;
				CLANG_WARN_RANGE_LOOP_ANALYSIS = YES;
				CLANG_WARN_STRICT_PROTOTYPES = YES;
				CLANG_WARN_SUSPICIOUS_MOVE = YES;
				CLANG_WARN_UNGUARDED_AVAILABILITY = YES_AGGRESSIVE;
				CLANG_WARN_UNREACHABLE_CODE = YES;
				CLANG_WARN__DUPLICATE_METHOD_MATCH = YES;
				COPY_PHASE_STRIP = NO;
				DEBUG_INFORMATION_FORMAT = "dwarf-with-dsym";
				ENABLE_NS_ASSERTIONS = NO;
				ENABLE_STRICT_OBJC_MSGSEND = YES;
				GCC_C_LANGUAGE_STANDARD = gnu11;
				GCC_NO_COMMON_BLOCKS = YES;
				GCC_WARN_64_TO_32_BIT_CONVERSION = YES;
				GCC_WARN_ABOUT_RETURN_TYPE = YES_ERROR;
				GCC_WARN_UNDECLARED_SELECTOR = YES;
				GCC_WARN_UNINITIALIZED_AUTOS = YES_AGGRESSIVE;
				GCC_WARN_UNUSED_FUNCTION = YES;
				GCC_WARN_UNUSED_VARIABLE = YES;
				IPHONEOS_DEPLOYMENT_TARGET = 13.5;
				MTL_ENABLE_DEBUG_INFO = NO;
				MTL_FAST_MATH = YES;
				SDKROOT = iphoneos;
				VALIDATE_PRODUCT = YES;
			};
			name = Release;
		};
		F90F3DFE24AB068B0077D9A6 /* Debug */ = {
			isa = XCBuildConfiguration;
			baseConfigurationReference = A83ACE82927881469D2330A9 /* Pods-CellDelDemo.debug.xcconfig */;
			buildSettings = {
				ASSETCATALOG_COMPILER_APPICON_NAME = AppIcon;
				CODE_SIGN_STYLE = Automatic;
				INFOPLIST_FILE = CellDelDemo/Info.plist;
				IPHONEOS_DEPLOYMENT_TARGET = 12.4;
				LD_RUNPATH_SEARCH_PATHS = (
					"$(inherited)",
					"@executable_path/Frameworks",
				);
				PRODUCT_BUNDLE_IDENTIFIER = com.hsg.iTBoyer.CellDelDemo;
				PRODUCT_NAME = "$(TARGET_NAME)";
				TARGETED_DEVICE_FAMILY = "1,2";
			};
			name = Debug;
		};
		F90F3DFF24AB068B0077D9A6 /* Release */ = {
			isa = XCBuildConfiguration;
			baseConfigurationReference = 178778065C585C9349755D18 /* Pods-CellDelDemo.release.xcconfig */;
			buildSettings = {
				ASSETCATALOG_COMPILER_APPICON_NAME = AppIcon;
				CODE_SIGN_STYLE = Automatic;
				INFOPLIST_FILE = CellDelDemo/Info.plist;
				IPHONEOS_DEPLOYMENT_TARGET = 12.4;
				LD_RUNPATH_SEARCH_PATHS = (
					"$(inherited)",
					"@executable_path/Frameworks",
				);
				PRODUCT_BUNDLE_IDENTIFIER = com.hsg.iTBoyer.CellDelDemo;
				PRODUCT_NAME = "$(TARGET_NAME)";
				TARGETED_DEVICE_FAMILY = "1,2";
			};
			name = Release;
		};
		F90F3E0124AB068B0077D9A6 /* Debug */ = {
			isa = XCBuildConfiguration;
			baseConfigurationReference = A8EA213120511A05AB9E2808 /* Pods-CellDelDemoTests.debug.xcconfig */;
			buildSettings = {
				BUNDLE_LOADER = "$(TEST_HOST)";
				CODE_SIGN_STYLE = Automatic;
				INFOPLIST_FILE = CellDelDemoTests/Info.plist;
				IPHONEOS_DEPLOYMENT_TARGET = 13.5;
				LD_RUNPATH_SEARCH_PATHS = (
					"$(inherited)",
					"@executable_path/Frameworks",
					"@loader_path/Frameworks",
				);
				PRODUCT_BUNDLE_IDENTIFIER = com.hsg.iTBoyer.CellDelDemoTests;
				PRODUCT_NAME = "$(TARGET_NAME)";
				TARGETED_DEVICE_FAMILY = "1,2";
				TEST_HOST = "$(BUILT_PRODUCTS_DIR)/CellDelDemo.app/CellDelDemo";
			};
			name = Debug;
		};
		F90F3E0224AB068B0077D9A6 /* Release */ = {
			isa = XCBuildConfiguration;
			baseConfigurationReference = 198D7B1A7B69558C8091D1CB /* Pods-CellDelDemoTests.release.xcconfig */;
			buildSettings = {
				BUNDLE_LOADER = "$(TEST_HOST)";
				CODE_SIGN_STYLE = Automatic;
				INFOPLIST_FILE = CellDelDemoTests/Info.plist;
				IPHONEOS_DEPLOYMENT_TARGET = 13.5;
				LD_RUNPATH_SEARCH_PATHS = (
					"$(inherited)",
					"@executable_path/Frameworks",
					"@loader_path/Frameworks",
				);
				PRODUCT_BUNDLE_IDENTIFIER = com.hsg.iTBoyer.CellDelDemoTests;
				PRODUCT_NAME = "$(TARGET_NAME)";
				TARGETED_DEVICE_FAMILY = "1,2";
				TEST_HOST = "$(BUILT_PRODUCTS_DIR)/CellDelDemo.app/CellDelDemo";
			};
			name = Release;
		};
/* End XCBuildConfiguration section */

/* Begin XCConfigurationList section */
		F90F3DD424AB06860077D9A6 /* Build configuration list for PBXProject "CellDelDemo" */ = {
			isa = XCConfigurationList;
			buildConfigurations = (
				F90F3DFB24AB068B0077D9A6 /* Debug */,
				F90F3DFC24AB068B0077D9A6 /* Release */,
			);
			defaultConfigurationIsVisible = 0;
			defaultConfigurationName = Release;
		};
		F90F3DFD24AB068B0077D9A6 /* Build configuration list for PBXNativeTarget "CellDelDemo" */ = {
			isa = XCConfigurationList;
			buildConfigurations = (
				F90F3DFE24AB068B0077D9A6 /* Debug */,
				F90F3DFF24AB068B0077D9A6 /* Release */,
			);
			defaultConfigurationIsVisible = 0;
			defaultConfigurationName = Release;
		};
		F90F3E0024AB068B0077D9A6 /* Build configuration list for PBXNativeTarget "CellDelDemoTests" */ = {
			isa = XCConfigurationList;
			buildConfigurations = (
				F90F3E0124AB068B0077D9A6 /* Debug */,
				F90F3E0224AB068B0077D9A6 /* Release */,
			);
			defaultConfigurationIsVisible = 0;
			defaultConfigurationName = Release;
		};
/* End XCConfigurationList section */
	};
	rootObject = F90F3DD124AB06860077D9A6 /* Project object */;
}
